// !$*UTF8*$!
{
	archiveVersion = 1;
	classes = {
	};
	objectVersion = 46;
	objects = {

/* Begin PBXBuildFile section */
		8D7E53ED1A14476400D19DFF /* main.m in Sources */ = {isa = PBXBuildFile; fileRef = 8D7E53EC1A14476400D19DFF /* main.m */; };
		8D7E53F01A14476400D19DFF /* AppDelegate.m in Sources */ = {isa = PBXBuildFile; fileRef = 8D7E53EF1A14476400D19DFF /* AppDelegate.m */; };
		8D7E53F31A14476400D19DFF /* ViewController.m in Sources */ = {isa = PBXBuildFile; fileRef = 8D7E53F21A14476400D19DFF /* ViewController.m */; };
		8D7E53F61A14476400D19DFF /* Main.storyboard in Resources */ = {isa = PBXBuildFile; fileRef = 8D7E53F41A14476400D19DFF /* Main.storyboard */; };
		8D7E53F81A14476400D19DFF /* Images.xcassets in Resources */ = {isa = PBXBuildFile; fileRef = 8D7E53F71A14476400D19DFF /* Images.xcassets */; };
		8D7E53FB1A14476400D19DFF /* LaunchScreen.xib in Resources */ = {isa = PBXBuildFile; fileRef = 8D7E53F91A14476400D19DFF /* LaunchScreen.xib */; };
		8D7E54071A14476400D19DFF /* testTests.m in Sources */ = {isa = PBXBuildFile; fileRef = 8D7E54061A14476400D19DFF /* testTests.m */; };
		8D7E542C1A14AC4D00D19DFF /* ComboBox.m in Sources */ = {isa = PBXBuildFile; fileRef = 8D7E54281A14AC4D00D19DFF /* ComboBox.m */; };
		8D7E542D1A14AC4D00D19DFF /* ComboBox.xib in Resources */ = {isa = PBXBuildFile; fileRef = 8D7E54291A14AC4D00D19DFF /* ComboBox.xib */; };
		8D7E542E1A14AC4D00D19DFF /* down_arrow@2x.png in Resources */ = {isa = PBXBuildFile; fileRef = 8D7E542A1A14AC4D00D19DFF /* down_arrow@2x.png */; };
		8D7E542F1A14AC4D00D19DFF /* down_arrow_highlighed@2x.png in Resources */ = {isa = PBXBuildFile; fileRef = 8D7E542B1A14AC4D00D19DFF /* down_arrow_highlighed@2x.png */; };
/* End PBXBuildFile section */

/* Begin PBXContainerItemProxy section */
		8D7E54011A14476400D19DFF /* PBXContainerItemProxy */ = {
			isa = PBXContainerItemProxy;
			containerPortal = 8D7E53DF1A14476400D19DFF /* Project object */;
			proxyType = 1;
			remoteGlobalIDString = 8D7E53E61A14476400D19DFF;
			remoteInfo = test;
		};
/* End PBXContainerItemProxy section */

/* Begin PBXFileReference section */
		8D7E53E71A14476400D19DFF /* test.app */ = {isa = PBXFileReference; explicitFileType = wrapper.application; includeInIndex = 0; path = test.app; sourceTree = BUILT_PRODUCTS_DIR; };
		8D7E53EB1A14476400D19DFF /* Info.plist */ = {isa = PBXFileReference; lastKnownFileType = text.plist.xml; path = Info.plist; sourceTree = "<group>"; };
		8D7E53EC1A14476400D19DFF /* main.m */ = {isa = PBXFileReference; lastKnownFileType = sourcecode.c.objc; path = main.m; sourceTree = "<group>"; };
		8D7E53EE1A14476400D19DFF /* AppDelegate.h */ = {isa = PBXFileReference; lastKnownFileType = sourcecode.c.h; path = AppDelegate.h; sourceTree = "<group>"; };
		8D7E53EF1A14476400D19DFF /* AppDelegate.m */ = {isa = PBXFileReference; lastKnownFileType = sourcecode.c.objc; path = AppDelegate.m; sourceTree = "<group>"; };
		8D7E53F11A14476400D19DFF /* ViewController.h */ = {isa = PBXFileReference; lastKnownFileType = sourcecode.c.h; path = ViewController.h; sourceTree = "<group>"; };
		8D7E53F21A14476400D19DFF /* ViewController.m */ = {isa = PBXFileReference; lastKnownFileType = sourcecode.c.objc; path = ViewController.m; sourceTree = "<group>"; };
		8D7E53F51A14476400D19DFF /* Base */ = {isa = PBXFileReference; lastKnownFileType = file.storyboard; name = Base; path = Base.lproj/Main.storyboard; sourceTree = "<group>"; };
		8D7E53F71A14476400D19DFF /* Images.xcassets */ = {isa = PBXFileReference; lastKnownFileType = folder.assetcatalog; path = Images.xcassets; sourceTree = "<group>"; };
		8D7E53FA1A14476400D19DFF /* Base */ = {isa = PBXFileReference; lastKnownFileType = file.xib; name = Base; path = Base.lproj/LaunchScreen.xib; sourceTree = "<group>"; };
		8D7E54001A14476400D19DFF /* testTests.xctest */ = {isa = PBXFileReference; explicitFileType = wrapper.cfbundle; includeInIndex = 0; path = testTests.xctest; sourceTree = BUILT_PRODUCTS_DIR; };
		8D7E54051A14476400D19DFF /* Info.plist */ = {isa = PBXFileReference; lastKnownFileType = text.plist.xml; path = Info.plist; sourceTree = "<group>"; };
		8D7E54061A14476400D19DFF /* testTests.m */ = {isa = PBXFileReference; lastKnownFileType = sourcecode.c.objc; path = testTests.m; sourceTree = "<group>"; };
		8D7E54271A14AC4D00D19DFF /* ComboBox.h */ = {isa = PBXFileReference; fileEncoding = 4; lastKnownFileType = sourcecode.c.h; path = ComboBox.h; sourceTree = "<group>"; };
		8D7E54281A14AC4D00D19DFF /* ComboBox.m */ = {isa = PBXFileReference; fileEncoding = 4; lastKnownFileType = sourcecode.c.objc; path = ComboBox.m; sourceTree = "<group>"; };
		8D7E54291A14AC4D00D19DFF /* ComboBox.xib */ = {isa = PBXFileReference; fileEncoding = 4; lastKnownFileType = file.xib; path = ComboBox.xib; sourceTree = "<group>"; };
		8D7E542A1A14AC4D00D19DFF /* down_arrow@2x.png */ = {isa = PBXFileReference; lastKnownFileType = image.png; path = "down_arrow@2x.png"; sourceTree = "<group>"; };
		8D7E542B1A14AC4D00D19DFF /* down_arrow_highlighed@2x.png */ = {isa = PBXFileReference; lastKnownFileType = image.png; path = "down_arrow_highlighed@2x.png"; sourceTree = "<group>"; };
/* End PBXFileReference section */

/* Begin PBXFrameworksBuildPhase section */
		8D7E53E41A14476400D19DFF /* Frameworks */ = {
			isa = PBXFrameworksBuildPhase;
			buildActionMask = 2147483647;
			files = (
			);
			runOnlyForDeploymentPostprocessing = 0;
		};
		8D7E53FD1A14476400D19DFF /* Frameworks */ = {
			isa = PBXFrameworksBuildPhase;
			buildActionMask = 2147483647;
			files = (
			);
			runOnlyForDeploymentPostprocessing = 0;
		};
/* End PBXFrameworksBuildPhase section */

/* Begin PBXGroup section */
		8D7E53DE1A14476400D19DFF = {
			isa = PBXGroup;
			children = (
				8D7E53E91A14476400D19DFF /* test */,
				8D7E54031A14476400D19DFF /* testTests */,
				8D7E53E81A14476400D19DFF /* Products */,
			);
			sourceTree = "<group>";
		};
		8D7E53E81A14476400D19DFF /* Products */ = {
			isa = PBXGroup;
			children = (
				8D7E53E71A14476400D19DFF /* test.app */,
				8D7E54001A14476400D19DFF /* testTests.xctest */,
			);
			name = Products;
			sourceTree = "<group>";
		};
		8D7E53E91A14476400D19DFF /* test */ = {
			isa = PBXGroup;
			children = (
				8D7E54261A14AC4D00D19DFF /* ComboBox */,
				8D7E53EE1A14476400D19DFF /* AppDelegate.h */,
				8D7E53EF1A14476400D19DFF /* AppDelegate.m */,
				8D7E53F11A14476400D19DFF /* ViewController.h */,
				8D7E53F21A14476400D19DFF /* ViewController.m */,
				8D7E53F41A14476400D19DFF /* Main.storyboard */,
				8D7E53F71A14476400D19DFF /* Images.xcassets */,
				8D7E53F91A14476400D19DFF /* LaunchScreen.xib */,
				8D7E53EA1A14476400D19DFF /* Supporting Files */,
			);
			path = test;
			sourceTree = "<group>";
		};
		8D7E53EA1A14476400D19DFF /* Supporting Files */ = {
			isa = PBXGroup;
			children = (
				8D7E53EB1A14476400D19DFF /* Info.plist */,
				8D7E53EC1A14476400D19DFF /* main.m */,
			);
			name = "Supporting Files";
			sourceTree = "<group>";
		};
		8D7E54031A14476400D19DFF /* testTests */ = {
			isa = PBXGroup;
			children = (
				8D7E54061A14476400D19DFF /* testTests.m */,
				8D7E54041A14476400D19DFF /* Supporting Files */,
			);
			path = testTests;
			sourceTree = "<group>";
		};
		8D7E54041A14476400D19DFF /* Supporting Files */ = {
			isa = PBXGroup;
			children = (
				8D7E54051A14476400D19DFF /* Info.plist */,
			);
			name = "Supporting Files";
			sourceTree = "<group>";
		};
		8D7E54261A14AC4D00D19DFF /* ComboBox */ = {
			isa = PBXGroup;
			children = (
				8D7E54271A14AC4D00D19DFF /* ComboBox.h */,
				8D7E54281A14AC4D00D19DFF /* ComboBox.m */,
				8D7E54291A14AC4D00D19DFF /* ComboBox.xib */,
				8D7E542A1A14AC4D00D19DFF /* down_arrow@2x.png */,
				8D7E542B1A14AC4D00D19DFF /* down_arrow_highlighed@2x.png */,
			);
			path = ComboBox;
			sourceTree = "<group>";
		};
/* End PBXGroup section */

/* Begin PBXNativeTarget section */
		8D7E53E61A14476400D19DFF /* test */ = {
			isa = PBXNativeTarget;
			buildConfigurationList = 8D7E540A1A14476400D19DFF /* Build configuration list for PBXNativeTarget "test" */;
			buildPhases = (
				8D7E53E31A14476400D19DFF /* Sources */,
				8D7E53E41A14476400D19DFF /* Frameworks */,
				8D7E53E51A14476400D19DFF /* Resources */,
			);
			buildRules = (
			);
			dependencies = (
			);
			name = test;
			productName = test;
			productReference = 8D7E53E71A14476400D19DFF /* test.app */;
			productType = "com.apple.product-type.application";
		};
		8D7E53FF1A14476400D19DFF /* testTests */ = {
			isa = PBXNativeTarget;
			buildConfigurationList = 8D7E540D1A14476400D19DFF /* Build configuration list for PBXNativeTarget "testTests" */;
			buildPhases = (
				8D7E53FC1A14476400D19DFF /* Sources */,
				8D7E53FD1A14476400D19DFF /* Frameworks */,
				8D7E53FE1A14476400D19DFF /* Resources */,
			);
			buildRules = (
			);
			dependencies = (
				8D7E54021A14476400D19DFF /* PBXTargetDependency */,
			);
			name = testTests;
			productName = testTests;
			productReference = 8D7E54001A14476400D19DFF /* testTests.xctest */;
			productType = "com.apple.product-type.bundle.unit-test";
		};
/* End PBXNativeTarget section */

/* Begin PBXProject section */
		8D7E53DF1A14476400D19DFF /* Project object */ = {
			isa = PBXProject;
			attributes = {
				LastUpgradeCheck = 0610;
				ORGANIZATIONNAME = JF2;
				TargetAttributes = {
					8D7E53E61A14476400D19DFF = {
						CreatedOnToolsVersion = 6.1;
					};
					8D7E53FF1A14476400D19DFF = {
						CreatedOnToolsVersion = 6.1;
						TestTargetID = 8D7E53E61A14476400D19DFF;
					};
				};
			};
			buildConfigurationList = 8D7E53E21A14476400D19DFF /* Build configuration list for PBXProject "test" */;
			compatibilityVersion = "Xcode 3.2";
			developmentRegion = English;
			hasScannedForEncodings = 0;
			knownRegions = (
				en,
				Base,
			);
			mainGroup = 8D7E53DE1A14476400D19DFF;
			productRefGroup = 8D7E53E81A14476400D19DFF /* Products */;
			projectDirPath = "";
			projectRoot = "";
			targets = (
				8D7E53E61A14476400D19DFF /* test */,
				8D7E53FF1A14476400D19DFF /* testTests */,
			);
		};
/* End PBXProject section */

/* Begin PBXResourcesBuildPhase section */
		8D7E53E51A14476400D19DFF /* Resources */ = {
			isa = PBXResourcesBuildPhase;
			buildActionMask = 2147483647;
			files = (
				8D7E53F61A14476400D19DFF /* Main.storyboard in Resources */,
				8D7E542F1A14AC4D00D19DFF /* down_arrow_highlighed@2x.png in Resources */,
				8D7E53FB1A14476400D19DFF /* LaunchScreen.xib in Resources */,
				8D7E542D1A14AC4D00D19DFF /* ComboBox.xib in Resources */,
				8D7E53F81A14476400D19DFF /* Images.xcassets in Resources */,
				8D7E542E1A14AC4D00D19DFF /* down_arrow@2x.png in Resources */,
			);
			runOnlyForDeploymentPostprocessing = 0;
		};
		8D7E53FE1A14476400D19DFF /* Resources */ = {
			isa = PBXResourcesBuildPhase;
			buildActionMask = 2147483647;
			files = (
			);
			runOnlyForDeploymentPostprocessing = 0;
		};
/* End PBXResourcesBuildPhase section */

/* Begin PBXSourcesBuildPhase section */
		8D7E53E31A14476400D19DFF /* Sources */ = {
			isa = PBXSourcesBuildPhase;
			buildActionMask = 2147483647;
			files = (
				8D7E53F31A14476400D19DFF /* ViewController.m in Sources */,
				8D7E53F01A14476400D19DFF /* AppDelegate.m in Sources */,
				8D7E542C1A14AC4D00D19DFF /* ComboBox.m in Sources */,
				8D7E53ED1A14476400D19DFF /* main.m in Sources */,
			);
			runOnlyForDeploymentPostprocessing = 0;
		};
		8D7E53FC1A14476400D19DFF /* Sources */ = {
			isa = PBXSourcesBuildPhase;
			buildActionMask = 2147483647;
			files = (
				8D7E54071A14476400D19DFF /* testTests.m in Sources */,
			);
			runOnlyForDeploymentPostprocessing = 0;
		};
/* End PBXSourcesBuildPhase section */

/* Begin PBXTargetDependency section */
		8D7E54021A14476400D19DFF /* PBXTargetDependency */ = {
			isa = PBXTargetDependency;
			target = 8D7E53E61A14476400D19DFF /* test */;
			targetProxy = 8D7E54011A14476400D19DFF /* PBXContainerItemProxy */;
		};
/* End PBXTargetDependency section */

/* Begin PBXVariantGroup section */
		8D7E53F41A14476400D19DFF /* Main.storyboard */ = {
			isa = PBXVariantGroup;
			children = (
				8D7E53F51A14476400D19DFF /* Base */,
			);
			name = Main.storyboard;
			sourceTree = "<group>";
		};
		8D7E53F91A14476400D19DFF /* LaunchScreen.xib */ = {
			isa = PBXVariantGroup;
			children = (
				8D7E53FA1A14476400D19DFF /* Base */,
			);
			name = LaunchScreen.xib;
			sourceTree = "<group>";
		};
/* End PBXVariantGroup section */

/* Begin XCBuildConfiguration section */
		8D7E54081A14476400D19DFF /* Debug */ = {
			isa = XCBuildConfiguration;
			buildSettings = {
				ALWAYS_SEARCH_USER_PATHS = NO;
				CLANG_CXX_LANGUAGE_STANDARD = "gnu++0x";
				CLANG_CXX_LIBRARY = "libc++";
				CLANG_ENABLE_MODULES = YES;
				CLANG_ENABLE_OBJC_ARC = YES;
				CLANG_WARN_BOOL_CONVERSION = YES;
				CLANG_WARN_CONSTANT_CONVERSION = YES;
				CLANG_WARN_DIRECT_OBJC_ISA_USAGE = YES_ERROR;
				CLANG_WARN_EMPTY_BODY = YES;
				CLANG_WARN_ENUM_CONVERSION = YES;
				CLANG_WARN_INT_CONVERSION = YES;
				CLANG_WARN_OBJC_ROOT_CLASS = YES_ERROR;
				CLANG_WARN_UNREACHABLE_CODE = YES;
				CLANG_WARN__DUPLICATE_METHOD_MATCH = YES;
				"CODE_SIGN_IDENTITY[sdk=iphoneos*]" = "iPhone Developer";
				COPY_PHASE_STRIP = NO;
				ENABLE_STRICT_OBJC_MSGSEND = YES;
				GCC_C_LANGUAGE_STANDARD = gnu99;
				GCC_DYNAMIC_NO_PIC = NO;
				GCC_OPTIMIZATION_LEVEL = 0;
				GCC_PREPROCESSOR_DEFINITIONS = (
					"DEBUG=1",
					"$(inherited)",
				);
				GCC_SYMBOLS_PRIVATE_EXTERN = NO;
				GCC_WARN_64_TO_32_BIT_CONVERSION = YES;
				GCC_WARN_ABOUT_RETURN_TYPE = YES_ERROR;
				GCC_WARN_UNDECLARED_SELECTOR = YES;
				GCC_WARN_UNINITIALIZED_AUTOS = YES_AGGRESSIVE;
				GCC_WARN_UNUSED_FUNCTION = YES;
				GCC_WARN_UNUSED_VARIABLE = YES;
				IPHONEOS_DEPLOYMENT_TARGET = 8.1;
				MTL_ENABLE_DEBUG_INFO = YES;
				ONLY_ACTIVE_ARCH = YES;
				SDKROOT = iphoneos;
				TARGETED_DEVICE_FAMILY = "1,2";
			};
			name = Debug;
		};
		8D7E54091A14476400D19DFF /* Release */ = {
			isa = XCBuildConfiguration;
			buildSettings = {
				ALWAYS_SEARCH_USER_PATHS = NO;
				CLANG_CXX_LANGUAGE_STANDARD = "gnu++0x";
				CLANG_CXX_LIBRARY = "libc++";
				CLANG_ENABLE_MODULES = YES;
				CLANG_ENABLE_OBJC_ARC = YES;
				CLANG_WARN_BOOL_CONVERSION = YES;
				CLANG_WARN_CONSTANT_CONVERSION = YES;
				CLANG_WARN_DIRECT_OBJC_ISA_USAGE = YES_ERROR;
				CLANG_WARN_EMPTY_BODY = YES;
				CLANG_WARN_ENUM_CONVERSION = YES;
				CLANG_WARN_INT_CONVERSION = YES;
				CLANG_WARN_OBJC_ROOT_CLASS = YES_ERROR;
				CLANG_WARN_UNREACHABLE_CODE = YES;
				CLANG_WARN__DUPLICATE_METHOD_MATCH = YES;
				"CODE_SIGN_IDENTITY[sdk=iphoneos*]" = "iPhone Developer";
				COPY_PHASE_STRIP = YES;
				ENABLE_NS_ASSERTIONS = NO;
				ENABLE_STRICT_OBJC_MSGSEND = YES;
				GCC_C_LANGUAGE_STANDARD = gnu99;
				GCC_WARN_64_TO_32_BIT_CONVERSION = YES;
				GCC_WARN_ABOUT_RETURN_TYPE = YES_ERROR;
				GCC_WARN_UNDECLARED_SELECTOR = YES;
				GCC_WARN_UNINITIALIZED_AUTOS = YES_AGGRESSIVE;
				GCC_WARN_UNUSED_FUNCTION = YES;
				GCC_WARN_UNUSED_VARIABLE = YES;
				IPHONEOS_DEPLOYMENT_TARGET = 8.1;
				MTL_ENABLE_DEBUG_INFO = NO;
				SDKROOT = iphoneos;
				TARGETED_DEVICE_FAMILY = "1,2";
				VALIDATE_PRODUCT = YES;
			};
			name = Release;
		};
		8D7E540B1A14476400D19DFF /* Debug */ = {
			isa = XCBuildConfiguration;
			buildSettings = {
				ASSETCATALOG_COMPILER_APPICON_NAME = AppIcon;
				INFOPLIST_FILE = test/Info.plist;
				IPHONEOS_DEPLOYMENT_TARGET = 6.0;
				LD_RUNPATH_SEARCH_PATHS = "$(inherited) @executable_path/Frameworks";
				PRODUCT_NAME = "$(TARGET_NAME)";
				TARGETED_DEVICE_FAMILY = "1,2";
			};
			name = Debug;
		};
		8D7E540C1A14476400D19DFF /* Release */ = {
			isa = XCBuildConfiguration;
			buildSettings = {
				ASSETCATALOG_COMPILER_APPICON_NAME = AppIcon;
				INFOPLIST_FILE = test/Info.plist;
				IPHONEOS_DEPLOYMENT_TARGET = 6.0;
				LD_RUNPATH_SEARCH_PATHS = "$(inherited) @executable_path/Frameworks";
				PRODUCT_NAME = "$(TARGET_NAME)";
				TARGETED_DEVICE_FAMILY = "1,2";
			};
			name = Release;
		};
		8D7E540E1A14476400D19DFF /* Debug */ = {
			isa = XCBuildConfiguration;
			buildSettings = {
				BUNDLE_LOADER = "$(TEST_HOST)";
				FRAMEWORK_SEARCH_PATHS = (
					"$(SDKROOT)/Developer/Library/Frameworks",
					"$(inherited)",
				);
				GCC_PREPROCESSOR_DEFINITIONS = (
					"DEBUG=1",
					"$(inherited)",
				);
				INFOPLIST_FILE = testTests/Info.plist;
				LD_RUNPATH_SEARCH_PATHS = "$(inherited) @executable_path/Frameworks @loader_path/Frameworks";
				PRODUCT_NAME = "$(TARGET_NAME)";
				TEST_HOST = "$(BUILT_PRODUCTS_DIR)/test.app/test";
			};
			name = Debug;
		};
		8D7E540F1A14476400D19DFF /* Release */ = {
			isa = XCBuildConfiguration;
			buildSettings = {
				BUNDLE_LOADER = "$(TEST_HOST)";
				FRAMEWORK_SEARCH_PATHS = (
					"$(SDKROOT)/Developer/Library/Frameworks",
					"$(inherited)",
				);
				INFOPLIST_FILE = testTests/Info.plist;
				LD_RUNPATH_SEARCH_PATHS = "$(inherited) @executable_path/Frameworks @loader_path/Frameworks";
				PRODUCT_NAME = "$(TARGET_NAME)";
				TEST_HOST = "$(BUILT_PRODUCTS_DIR)/test.app/test";
			};
			name = Release;
		};
/* End XCBuildConfiguration section */

/* Begin XCConfigurationList section */
		8D7E53E21A14476400D19DFF /* Build configuration list for PBXProject "test" */ = {
			isa = XCConfigurationList;
			buildConfigurations = (
				8D7E54081A14476400D19DFF /* Debug */,
				8D7E54091A14476400D19DFF /* Release */,
			);
			defaultConfigurationIsVisible = 0;
			defaultConfigurationName = Release;
		};
		8D7E540A1A14476400D19DFF /* Build configuration list for PBXNativeTarget "test" */ = {
			isa = XCConfigurationList;
			buildConfigurations = (
				8D7E540B1A14476400D19DFF /* Debug */,
				8D7E540C1A14476400D19DFF /* Release */,
			);
			defaultConfigurationIsVisible = 0;
			defaultConfigurationName = Release;
		};
		8D7E540D1A14476400D19DFF /* Build configuration list for PBXNativeTarget "testTests" */ = {
			isa = XCConfigurationList;
			buildConfigurations = (
				8D7E540E1A14476400D19DFF /* Debug */,
				8D7E540F1A14476400D19DFF /* Release */,
			);
			defaultConfigurationIsVisible = 0;
			defaultConfigurationName = Release;
		};
/* End XCConfigurationList section */
	};
	rootObject = 8D7E53DF1A14476400D19DFF /* Project object */;
}
